{
  "name": "zoo-web-components-docs",
  "version": "1.0.0",
  "lockfileVersion": 1,
  "requires": true,
  "dependencies": {
    "@zooplus/zoo-web-components": {
      "version": "8.0.3",
      "resolved": "https://registry.npmjs.org/@zooplus/zoo-web-components/-/zoo-web-components-8.0.3.tgz",
      "integrity": "sha512-SJQRBjslAatccexPFQRURk9EPoVroaHUf7TVUezaV5NldbY9vCv2KTiwq8RZRs+LpoyFPYOFVvwmceIm7Stbzw==",
      "dev": true
    },
    "marked": {
      "version": "1.2.5",
      "resolved": "https://registry.npmjs.org/marked/-/marked-1.2.5.tgz",
      "integrity": "sha512-2AlqgYnVPOc9WDyWu7S5DJaEZsfk6dNh/neatQ3IHUW4QLutM/VPSH9lG7bif+XjFWc9K9XR3QvR+fXuECmfdA==",
      "dev": true
    }
  }
}
