{
  "name": "zoo-web-components-docs",
  "version": "1.0.0",
  "lockfileVersion": 1,
  "requires": true,
  "dependencies": {
    "@zooplus/zoo-web-components": {
      "version": "7.2.0",
      "resolved": "https://registry.npmjs.org/@zooplus/zoo-web-components/-/zoo-web-components-7.2.0.tgz",
      "integrity": "sha512-U+o8r9GiPXQf8lJ6iuRAGv+cAHDt6aNUkog9N8fgPYtkFeYFMjChvW2ItsXCLBKkeGRdRa2PEMY8fZ8LUbavMw==",
      "dev": true
    },
    "marked": {
      "version": "1.2.5",
      "resolved": "https://registry.npmjs.org/marked/-/marked-1.2.5.tgz",
      "integrity": "sha512-2AlqgYnVPOc9WDyWu7S5DJaEZsfk6dNh/neatQ3IHUW4QLutM/VPSH9lG7bif+XjFWc9K9XR3QvR+fXuECmfdA==",
      "dev": true
    }
  }
}
