{
  "name": "zoo-web-components-docs",
  "version": "1.0.0",
  "lockfileVersion": 1,
  "requires": true,
  "dependencies": {
    "@zooplus/zoo-web-components": {
      "version": "8.0.0-beta.10",
      "resolved": "https://registry.npmjs.org/@zooplus/zoo-web-components/-/zoo-web-components-8.0.0-beta.10.tgz",
      "integrity": "sha512-8+6NTZADRouu1wxOqrNhoGHVdxzIVTvypgb+HIywlwHtFdbpFLuUlgZuBFeRX4pc20FHOrIZ2UtS6B5O+g5yBg==",
      "dev": true
    },
    "marked": {
      "version": "1.2.5",
      "resolved": "https://registry.npmjs.org/marked/-/marked-1.2.5.tgz",
      "integrity": "sha512-2AlqgYnVPOc9WDyWu7S5DJaEZsfk6dNh/neatQ3IHUW4QLutM/VPSH9lG7bif+XjFWc9K9XR3QvR+fXuECmfdA==",
      "dev": true
    }
  }
}
